Microsoft Visual Studio Solution File, Format Version 12.00
# Visual Studio Version 17
VisualStudioVersion = 17.5.2.0
MinimumVisualStudioVersion = 10.0.40219.1
Project("{FAE04EC0-301F-11D3-BF4B-00C04F79EFBC}") = "OCPExample", "OCPExample.csproj", "{883A16CF-54AC-9CA2-3C48-1071D0007201}"
EndProject
Global
	GlobalSection(SolutionConfigurationPlatforms) = preSolution
		Debug|Any CPU = Debug|Any CPU
		Release|Any CPU = Release|Any CPU
	EndGlobalSection
	GlobalSection(ProjectConfigurationPlatforms) = postSolution
		{883A16CF-54AC-9CA2-3C48-1071D0007201}.Debug|Any CPU.ActiveCfg = Debug|Any CPU
		{883A16CF-54AC-9CA2-3C48-1071D0007201}.Debug|Any CPU.Build.0 = Debug|Any CPU
		{883A16CF-54AC-9CA2-3C48-1071D0007201}.Release|Any CPU.ActiveCfg = Release|Any CPU
		{883A16CF-54AC-9CA2-3C48-1071D0007201}.Release|Any CPU.Build.0 = Release|Any CPU
	EndGlobalSection
	GlobalSection(SolutionProperties) = preSolution
		HideSolutionNode = FALSE
	EndGlobalSection
	GlobalSection(ExtensibilityGlobals) = postSolution
		SolutionGuid = {2AAFD5DC-18A6-4060-B95E-12AEA0CF2BC9}
	EndGlobalSection
EndGlobal
